
Microsoft Visual Studio Solution File, Format Version 12.00
# Visual Studio Version 16
VisualStudioVersion = 16.0.34729.46
MinimumVisualStudioVersion = 10.0.40219.1
Project("{FAE04EC0-301F-11D3-BF4B-00C04F79EFBC}") = "2024-10-08", "2024-10-08\2024-10-08.csproj", "{BBFCCB3E-2359-45A5-B99A-568970481AC9}"
EndProject
Global
	GlobalSection(SolutionConfigurationPlatforms) = preSolution
		Debug|Any CPU = Debug|Any CPU
		Release|Any CPU = Release|Any CPU
	EndGlobalSection
	GlobalSection(ProjectConfigurationPlatforms) = postSolution
		{BBFCCB3E-2359-45A5-B99A-568970481AC9}.Debug|Any CPU.ActiveCfg = Debug|Any CPU
		{BBFCCB3E-2359-45A5-B99A-568970481AC9}.Debug|Any CPU.Build.0 = Debug|Any CPU
		{BBFCCB3E-2359-45A5-B99A-568970481AC9}.Release|Any CPU.ActiveCfg = Release|Any CPU
		{BBFCCB3E-2359-45A5-B99A-568970481AC9}.Release|Any CPU.Build.0 = Release|Any CPU
	EndGlobalSection
	GlobalSection(SolutionProperties) = preSolution
		HideSolutionNode = FALSE
	EndGlobalSection
	GlobalSection(ExtensibilityGlobals) = postSolution
		SolutionGuid = {195401A4-391C-448A-9400-06B0BBCEF449}
	EndGlobalSection
EndGlobal
